
Microsoft Visual Studio Solution File, Format Version 12.00
# Visual Studio 14
VisualStudioVersion = 14.0.25420.1
MinimumVisualStudioVersion = 10.0.40219.1
Project("{FAE04EC0-301F-11D3-BF4B-00C04F79EFBC}") = "Project4Bicycle.Droid", "Project4Bicycle\Project4Bicycle.Droid\Project4Bicycle.Droid.csproj", "{54D254C4-78F5-4B3A-B289-26F0EF6EDC0B}"
EndProject
Project("{FAE04EC0-301F-11D3-BF4B-00C04F79EFBC}") = "Project4Bicycle.iOS", "Project4Bicycle\Project4Bicycle.iOS\Project4Bicycle.iOS.csproj", "{037F6AD1-8994-465F-96A3-A72E5FEF1661}"
EndProject
Project("{FAE04EC0-301F-11D3-BF4B-00C04F79EFBC}") = "Project4Bicycle", "Project4Bicycle\Project4Bicycle\Project4Bicycle.csproj", "{C324AB43-8D47-4E40-9FE9-83D53565AAD9}"
EndProject
Project("{FAE04EC0-301F-11D3-BF4B-00C04F79EFBC}") = "WindowsFormsApplication1", "Project4Bicycle\WindowsFormsApplication1\WindowsFormsApplication1.csproj", "{DA910456-4C86-4C3E-B3CB-489AFBB774F6}"
EndProject
Project("{FAE04EC0-301F-11D3-BF4B-00C04F79EFBC}") = "Project4Bicycle.WinPhone", "Project4Bicycle\Project4Bicycle.WinPhone\Project4Bicycle.WinPhone.csproj", "{2F30D2A4-C994-4A0B-AB98-EDDF520A5F60}"
EndProject
Project("{FAE04EC0-301F-11D3-BF4B-00C04F79EFBC}") = "Project4Bicycle.Windows", "Project4Bicycle\Project4Bicycle.Windows\Project4Bicycle.Windows.csproj", "{A37447D5-2D7D-4096-A297-20D6337FD54B}"
EndProject
Global
	GlobalSection(SolutionConfigurationPlatforms) = preSolution
		Ad-Hoc|Any CPU = Ad-Hoc|Any CPU
		Ad-Hoc|ARM = Ad-Hoc|ARM
		Ad-Hoc|iPhone = Ad-Hoc|iPhone
		Ad-Hoc|iPhoneSimulator = Ad-Hoc|iPhoneSimulator
		Ad-Hoc|x64 = Ad-Hoc|x64
		Ad-Hoc|x86 = Ad-Hoc|x86
		AppStore|Any CPU = AppStore|Any CPU
		AppStore|ARM = AppStore|ARM
		AppStore|iPhone = AppStore|iPhone
		AppStore|iPhoneSimulator = AppStore|iPhoneSimulator
		AppStore|x64 = AppStore|x64
		AppStore|x86 = AppStore|x86
		Debug|Any CPU = Debug|Any CPU
		Debug|ARM = Debug|ARM
		Debug|iPhone = Debug|iPhone
		Debug|iPhoneSimulator = Debug|iPhoneSimulator
		Debug|x64 = Debug|x64
		Debug|x86 = Debug|x86
		Release|Any CPU = Release|Any CPU
		Release|ARM = Release|ARM
		Release|iPhone = Release|iPhone
		Release|iPhoneSimulator = Release|iPhoneSimulator
		Release|x64 = Release|x64
		Release|x86 = Release|x86
	EndGlobalSection
	GlobalSection(ProjectConfigurationPlatforms) = postSolution
		{54D254C4-78F5-4B3A-B289-26F0EF6EDC0B}.Ad-Hoc|Any CPU.ActiveCfg = Release|Any CPU
		{54D254C4-78F5-4B3A-B289-26F0EF6EDC0B}.Ad-Hoc|Any CPU.Build.0 = Release|Any CPU
		{54D254C4-78F5-4B3A-B289-26F0EF6EDC0B}.Ad-Hoc|Any CPU.Deploy.0 = Release|Any CPU
		{54D254C4-78F5-4B3A-B289-26F0EF6EDC0B}.Ad-Hoc|ARM.ActiveCfg = Release|Any CPU
		{54D254C4-78F5-4B3A-B289-26F0EF6EDC0B}.Ad-Hoc|ARM.Build.0 = Release|Any CPU
		{54D254C4-78F5-4B3A-B289-26F0EF6EDC0B}.Ad-Hoc|ARM.Deploy.0 = Release|Any CPU
		{54D254C4-78F5-4B3A-B289-26F0EF6EDC0B}.Ad-Hoc|iPhone.ActiveCfg = Release|Any CPU
		{54D254C4-78F5-4B3A-B289-26F0EF6EDC0B}.Ad-Hoc|iPhone.Build.0 = Release|Any CPU
		{54D254C4-78F5-4B3A-B289-26F0EF6EDC0B}.Ad-Hoc|iPhone.Deploy.0 = Release|Any CPU
		{54D254C4-78F5-4B3A-B289-26F0EF6EDC0B}.Ad-Hoc|iPhoneSimulator.ActiveCfg = Release|Any CPU
		{54D254C4-78F5-4B3A-B289-26F0EF6EDC0B}.Ad-Hoc|iPhoneSimulator.Build.0 = Release|Any CPU
		{54D254C4-78F5-4B3A-B289-26F0EF6EDC0B}.Ad-Hoc|iPhoneSimulator.Deploy.0 = Release|Any CPU
		{54D254C4-78F5-4B3A-B289-26F0EF6EDC0B}.Ad-Hoc|x64.ActiveCfg = Release|Any CPU
		{54D254C4-78F5-4B3A-B289-26F0EF6EDC0B}.Ad-Hoc|x64.Build.0 = Release|Any CPU
		{54D254C4-78F5-4B3A-B289-26F0EF6EDC0B}.Ad-Hoc|x64.Deploy.0 = Release|Any CPU
		{54D254C4-78F5-4B3A-B289-26F0EF6EDC0B}.Ad-Hoc|x86.ActiveCfg = Release|Any CPU
		{54D254C4-78F5-4B3A-B289-26F0EF6EDC0B}.Ad-Hoc|x86.Build.0 = Release|Any CPU
		{54D254C4-78F5-4B3A-B289-26F0EF6EDC0B}.Ad-Hoc|x86.Deploy.0 = Release|Any CPU
		{54D254C4-78F5-4B3A-B289-26F0EF6EDC0B}.AppStore|Any CPU.ActiveCfg = Release|Any CPU
		{54D254C4-78F5-4B3A-B289-26F0EF6EDC0B}.AppStore|Any CPU.Build.0 = Release|Any CPU
		{54D254C4-78F5-4B3A-B289-26F0EF6EDC0B}.AppStore|Any CPU.Deploy.0 = Release|Any CPU
		{54D254C4-78F5-4B3A-B289-26F0EF6EDC0B}.AppStore|ARM.ActiveCfg = Release|Any CPU
		{54D254C4-78F5-4B3A-B289-26F0EF6EDC0B}.AppStore|ARM.Build.0 = Release|Any CPU
		{54D254C4-78F5-4B3A-B289-26F0EF6EDC0B}.AppStore|ARM.Deploy.0 = Release|Any CPU
		{54D254C4-78F5-4B3A-B289-26F0EF6EDC0B}.AppStore|iPhone.ActiveCfg = Release|Any CPU
		{54D254C4-78F5-4B3A-B289-26F0EF6EDC0B}.AppStore|iPhone.Build.0 = Release|Any CPU
		{54D254C4-78F5-4B3A-B289-26F0EF6EDC0B}.AppStore|iPhone.Deploy.0 = Release|Any CPU
		{54D254C4-78F5-4B3A-B289-26F0EF6EDC0B}.AppStore|iPhoneSimulator.ActiveCfg = Release|Any CPU
		{54D254C4-78F5-4B3A-B289-26F0EF6EDC0B}.AppStore|iPhoneSimulator.Build.0 = Release|Any CPU
		{54D254C4-78F5-4B3A-B289-26F0EF6EDC0B}.AppStore|iPhoneSimulator.Deploy.0 = Release|Any CPU
		{54D254C4-78F5-4B3A-B289-26F0EF6EDC0B}.AppStore|x64.ActiveCfg = Release|Any CPU
		{54D254C4-78F5-4B3A-B289-26F0EF6EDC0B}.AppStore|x64.Build.0 = Release|Any CPU
		{54D254C4-78F5-4B3A-B289-26F0EF6EDC0B}.AppStore|x64.Deploy.0 = Release|Any CPU
		{54D254C4-78F5-4B3A-B289-26F0EF6EDC0B}.AppStore|x86.ActiveCfg = Release|Any CPU
		{54D254C4-78F5-4B3A-B289-26F0EF6EDC0B}.AppStore|x86.Build.0 = Release|Any CPU
		{54D254C4-78F5-4B3A-B289-26F0EF6EDC0B}.AppStore|x86.Deploy.0 = Release|Any CPU
		{54D254C4-78F5-4B3A-B289-26F0EF6EDC0B}.Debug|Any CPU.ActiveCfg = Debug|Any CPU
		{54D254C4-78F5-4B3A-B289-26F0EF6EDC0B}.Debug|Any CPU.Build.0 = Debug|Any CPU
		{54D254C4-78F5-4B3A-B289-26F0EF6EDC0B}.Debug|Any CPU.Deploy.0 = Debug|Any CPU
		{54D254C4-78F5-4B3A-B289-26F0EF6EDC0B}.Debug|ARM.ActiveCfg = Debug|Any CPU
		{54D254C4-78F5-4B3A-B289-26F0EF6EDC0B}.Debug|ARM.Build.0 = Debug|Any CPU
		{54D254C4-78F5-4B3A-B289-26F0EF6EDC0B}.Debug|ARM.Deploy.0 = Debug|Any CPU
		{54D254C4-78F5-4B3A-B289-26F0EF6EDC0B}.Debug|iPhone.ActiveCfg = Debug|Any CPU
		{54D254C4-78F5-4B3A-B289-26F0EF6EDC0B}.Debug|iPhone.Build.0 = Debug|Any CPU
		{54D254C4-78F5-4B3A-B289-26F0EF6EDC0B}.Debug|iPhone.Deploy.0 = Debug|Any CPU
		{54D254C4-78F5-4B3A-B289-26F0EF6EDC0B}.Debug|iPhoneSimulator.ActiveCfg = Debug|Any CPU
		{54D254C4-78F5-4B3A-B289-26F0EF6EDC0B}.Debug|iPhoneSimulator.Build.0 = Debug|Any CPU
		{54D254C4-78F5-4B3A-B289-26F0EF6EDC0B}.Debug|iPhoneSimulator.Deploy.0 = Debug|Any CPU
		{54D254C4-78F5-4B3A-B289-26F0EF6EDC0B}.Debug|x64.ActiveCfg = Debug|Any CPU
		{54D254C4-78F5-4B3A-B289-26F0EF6EDC0B}.Debug|x64.Build.0 = Debug|Any CPU
		{54D254C4-78F5-4B3A-B289-26F0EF6EDC0B}.Debug|x64.Deploy.0 = Debug|Any CPU
		{54D254C4-78F5-4B3A-B289-26F0EF6EDC0B}.Debug|x86.ActiveCfg = Debug|Any CPU
		{54D254C4-78F5-4B3A-B289-26F0EF6EDC0B}.Debug|x86.Build.0 = Debug|Any CPU
		{54D254C4-78F5-4B3A-B289-26F0EF6EDC0B}.Debug|x86.Deploy.0 = Debug|Any CPU
		{54D254C4-78F5-4B3A-B289-26F0EF6EDC0B}.Release|Any CPU.ActiveCfg = Release|Any CPU
		{54D254C4-78F5-4B3A-B289-26F0EF6EDC0B}.Release|Any CPU.Build.0 = Release|Any CPU
		{54D254C4-78F5-4B3A-B289-26F0EF6EDC0B}.Release|Any CPU.Deploy.0 = Release|Any CPU
		{54D254C4-78F5-4B3A-B289-26F0EF6EDC0B}.Release|ARM.ActiveCfg = Release|Any CPU
		{54D254C4-78F5-4B3A-B289-26F0EF6EDC0B}.Release|ARM.Build.0 = Release|Any CPU
		{54D254C4-78F5-4B3A-B289-26F0EF6EDC0B}.Release|ARM.Deploy.0 = Release|Any CPU
		{54D254C4-78F5-4B3A-B289-26F0EF6EDC0B}.Release|iPhone.ActiveCfg = Release|Any CPU
		{54D254C4-78F5-4B3A-B289-26F0EF6EDC0B}.Release|iPhone.Build.0 = Release|Any CPU
		{54D254C4-78F5-4B3A-B289-26F0EF6EDC0B}.Release|iPhone.Deploy.0 = Release|Any CPU
		{54D254C4-78F5-4B3A-B289-26F0EF6EDC0B}.Release|iPhoneSimulator.ActiveCfg = Release|Any CPU
		{54D254C4-78F5-4B3A-B289-26F0EF6EDC0B}.Release|iPhoneSimulator.Build.0 = Release|Any CPU
		{54D254C4-78F5-4B3A-B289-26F0EF6EDC0B}.Release|iPhoneSimulator.Deploy.0 = Release|Any CPU
		{54D254C4-78F5-4B3A-B289-26F0EF6EDC0B}.Release|x64.ActiveCfg = Release|Any CPU
		{54D254C4-78F5-4B3A-B289-26F0EF6EDC0B}.Release|x64.Build.0 = Release|Any CPU
		{54D254C4-78F5-4B3A-B289-26F0EF6EDC0B}.Release|x64.Deploy.0 = Release|Any CPU
		{54D254C4-78F5-4B3A-B289-26F0EF6EDC0B}.Release|x86.ActiveCfg = Release|Any CPU
		{54D254C4-78F5-4B3A-B289-26F0EF6EDC0B}.Release|x86.Build.0 = Release|Any CPU
		{54D254C4-78F5-4B3A-B289-26F0EF6EDC0B}.Release|x86.Deploy.0 = Release|Any CPU
		{037F6AD1-8994-465F-96A3-A72E5FEF1661}.Ad-Hoc|Any CPU.ActiveCfg = Ad-Hoc|iPhone
		{037F6AD1-8994-465F-96A3-A72E5FEF1661}.Ad-Hoc|ARM.ActiveCfg = Ad-Hoc|iPhone
		{037F6AD1-8994-465F-96A3-A72E5FEF1661}.Ad-Hoc|iPhone.ActiveCfg = Ad-Hoc|iPhone
		{037F6AD1-8994-465F-96A3-A72E5FEF1661}.Ad-Hoc|iPhone.Build.0 = Ad-Hoc|iPhone
		{037F6AD1-8994-465F-96A3-A72E5FEF1661}.Ad-Hoc|iPhoneSimulator.ActiveCfg = Ad-Hoc|iPhoneSimulator
		{037F6AD1-8994-465F-96A3-A72E5FEF1661}.Ad-Hoc|iPhoneSimulator.Build.0 = Ad-Hoc|iPhoneSimulator
		{037F6AD1-8994-465F-96A3-A72E5FEF1661}.Ad-Hoc|x64.ActiveCfg = Ad-Hoc|iPhone
		{037F6AD1-8994-465F-96A3-A72E5FEF1661}.Ad-Hoc|x86.ActiveCfg = Ad-Hoc|iPhone
		{037F6AD1-8994-465F-96A3-A72E5FEF1661}.AppStore|Any CPU.ActiveCfg = AppStore|iPhone
		{037F6AD1-8994-465F-96A3-A72E5FEF1661}.AppStore|ARM.ActiveCfg = AppStore|iPhone
		{037F6AD1-8994-465F-96A3-A72E5FEF1661}.AppStore|iPhone.ActiveCfg = AppStore|iPhone
		{037F6AD1-8994-465F-96A3-A72E5FEF1661}.AppStore|iPhone.Build.0 = AppStore|iPhone
		{037F6AD1-8994-465F-96A3-A72E5FEF1661}.AppStore|iPhoneSimulator.ActiveCfg = AppStore|iPhoneSimulator
		{037F6AD1-8994-465F-96A3-A72E5FEF1661}.AppStore|iPhoneSimulator.Build.0 = AppStore|iPhoneSimulator
		{037F6AD1-8994-465F-96A3-A72E5FEF1661}.AppStore|x64.ActiveCfg = AppStore|iPhone
		{037F6AD1-8994-465F-96A3-A72E5FEF1661}.AppStore|x86.ActiveCfg = AppStore|iPhone
		{037F6AD1-8994-465F-96A3-A72E5FEF1661}.Debug|Any CPU.ActiveCfg = Debug|iPhone
		{037F6AD1-8994-465F-96A3-A72E5FEF1661}.Debug|ARM.ActiveCfg = Debug|iPhone
		{037F6AD1-8994-465F-96A3-A72E5FEF1661}.Debug|iPhone.ActiveCfg = Debug|iPhone
		{037F6AD1-8994-465F-96A3-A72E5FEF1661}.Debug|iPhone.Build.0 = Debug|iPhone
		{037F6AD1-8994-465F-96A3-A72E5FEF1661}.Debug|iPhoneSimulator.ActiveCfg = Debug|iPhoneSimulator
		{037F6AD1-8994-465F-96A3-A72E5FEF1661}.Debug|iPhoneSimulator.Build.0 = Debug|iPhoneSimulator
		{037F6AD1-8994-465F-96A3-A72E5FEF1661}.Debug|x64.ActiveCfg = Debug|iPhone
		{037F6AD1-8994-465F-96A3-A72E5FEF1661}.Debug|x86.ActiveCfg = Debug|iPhone
		{037F6AD1-8994-465F-96A3-A72E5FEF1661}.Release|Any CPU.ActiveCfg = Release|iPhone
		{037F6AD1-8994-465F-96A3-A72E5FEF1661}.Release|ARM.ActiveCfg = Release|iPhone
		{037F6AD1-8994-465F-96A3-A72E5FEF1661}.Release|iPhone.ActiveCfg = Release|iPhone
		{037F6AD1-8994-465F-96A3-A72E5FEF1661}.Release|iPhone.Build.0 = Release|iPhone
		{037F6AD1-8994-465F-96A3-A72E5FEF1661}.Release|iPhoneSimulator.ActiveCfg = Release|iPhoneSimulator
		{037F6AD1-8994-465F-96A3-A72E5FEF1661}.Release|iPhoneSimulator.Build.0 = Release|iPhoneSimulator
		{037F6AD1-8994-465F-96A3-A72E5FEF1661}.Release|x64.ActiveCfg = Release|iPhone
		{037F6AD1-8994-465F-96A3-A72E5FEF1661}.Release|x86.ActiveCfg = Release|iPhone
		{C324AB43-8D47-4E40-9FE9-83D53565AAD9}.Ad-Hoc|Any CPU.ActiveCfg = Release|Any CPU
		{C324AB43-8D47-4E40-9FE9-83D53565AAD9}.Ad-Hoc|Any CPU.Build.0 = Release|Any CPU
		{C324AB43-8D47-4E40-9FE9-83D53565AAD9}.Ad-Hoc|ARM.ActiveCfg = Release|Any CPU
		{C324AB43-8D47-4E40-9FE9-83D53565AAD9}.Ad-Hoc|ARM.Build.0 = Release|Any CPU
		{C324AB43-8D47-4E40-9FE9-83D53565AAD9}.Ad-Hoc|iPhone.ActiveCfg = Release|Any CPU
		{C324AB43-8D47-4E40-9FE9-83D53565AAD9}.Ad-Hoc|iPhone.Build.0 = Release|Any CPU
		{C324AB43-8D47-4E40-9FE9-83D53565AAD9}.Ad-Hoc|iPhoneSimulator.ActiveCfg = Release|Any CPU
		{C324AB43-8D47-4E40-9FE9-83D53565AAD9}.Ad-Hoc|iPhoneSimulator.Build.0 = Release|Any CPU
		{C324AB43-8D47-4E40-9FE9-83D53565AAD9}.Ad-Hoc|x64.ActiveCfg = Release|Any CPU
		{C324AB43-8D47-4E40-9FE9-83D53565AAD9}.Ad-Hoc|x64.Build.0 = Release|Any CPU
		{C324AB43-8D47-4E40-9FE9-83D53565AAD9}.Ad-Hoc|x86.ActiveCfg = Release|Any CPU
		{C324AB43-8D47-4E40-9FE9-83D53565AAD9}.Ad-Hoc|x86.Build.0 = Release|Any CPU
		{C324AB43-8D47-4E40-9FE9-83D53565AAD9}.AppStore|Any CPU.ActiveCfg = Release|Any CPU
		{C324AB43-8D47-4E40-9FE9-83D53565AAD9}.AppStore|Any CPU.Build.0 = Release|Any CPU
		{C324AB43-8D47-4E40-9FE9-83D53565AAD9}.AppStore|ARM.ActiveCfg = Release|Any CPU
		{C324AB43-8D47-4E40-9FE9-83D53565AAD9}.AppStore|ARM.Build.0 = Release|Any CPU
		{C324AB43-8D47-4E40-9FE9-83D53565AAD9}.AppStore|iPhone.ActiveCfg = Release|Any CPU
		{C324AB43-8D47-4E40-9FE9-83D53565AAD9}.AppStore|iPhone.Build.0 = Release|Any CPU
		{C324AB43-8D47-4E40-9FE9-83D53565AAD9}.AppStore|iPhoneSimulator.ActiveCfg = Release|Any CPU
		{C324AB43-8D47-4E40-9FE9-83D53565AAD9}.AppStore|iPhoneSimulator.Build.0 = Release|Any CPU
		{C324AB43-8D47-4E40-9FE9-83D53565AAD9}.AppStore|x64.ActiveCfg = Release|Any CPU
		{C324AB43-8D47-4E40-9FE9-83D53565AAD9}.AppStore|x64.Build.0 = Release|Any CPU
		{C324AB43-8D47-4E40-9FE9-83D53565AAD9}.AppStore|x86.ActiveCfg = Release|Any CPU
		{C324AB43-8D47-4E40-9FE9-83D53565AAD9}.AppStore|x86.Build.0 = Release|Any CPU
		{C324AB43-8D47-4E40-9FE9-83D53565AAD9}.Debug|Any CPU.ActiveCfg = Debug|Any CPU
		{C324AB43-8D47-4E40-9FE9-83D53565AAD9}.Debug|Any CPU.Build.0 = Debug|Any CPU
		{C324AB43-8D47-4E40-9FE9-83D53565AAD9}.Debug|ARM.ActiveCfg = Debug|Any CPU
		{C324AB43-8D47-4E40-9FE9-83D53565AAD9}.Debug|ARM.Build.0 = Debug|Any CPU
		{C324AB43-8D47-4E40-9FE9-83D53565AAD9}.Debug|iPhone.ActiveCfg = Debug|Any CPU
		{C324AB43-8D47-4E40-9FE9-83D53565AAD9}.Debug|iPhone.Build.0 = Debug|Any CPU
		{C324AB43-8D47-4E40-9FE9-83D53565AAD9}.Debug|iPhoneSimulator.ActiveCfg = Debug|Any CPU
		{C324AB43-8D47-4E40-9FE9-83D53565AAD9}.Debug|iPhoneSimulator.Build.0 = Debug|Any CPU
		{C324AB43-8D47-4E40-9FE9-83D53565AAD9}.Debug|x64.ActiveCfg = Debug|Any CPU
		{C324AB43-8D47-4E40-9FE9-83D53565AAD9}.Debug|x64.Build.0 = Debug|Any CPU
		{C324AB43-8D47-4E40-9FE9-83D53565AAD9}.Debug|x86.ActiveCfg = Debug|Any CPU
		{C324AB43-8D47-4E40-9FE9-83D53565AAD9}.Debug|x86.Build.0 = Debug|Any CPU
		{C324AB43-8D47-4E40-9FE9-83D53565AAD9}.Release|Any CPU.ActiveCfg = Release|Any CPU
		{C324AB43-8D47-4E40-9FE9-83D53565AAD9}.Release|Any CPU.Build.0 = Release|Any CPU
		{C324AB43-8D47-4E40-9FE9-83D53565AAD9}.Release|ARM.ActiveCfg = Release|Any CPU
		{C324AB43-8D47-4E40-9FE9-83D53565AAD9}.Release|ARM.Build.0 = Release|Any CPU
		{C324AB43-8D47-4E40-9FE9-83D53565AAD9}.Release|iPhone.ActiveCfg = Release|Any CPU
		{C324AB43-8D47-4E40-9FE9-83D53565AAD9}.Release|iPhone.Build.0 = Release|Any CPU
		{C324AB43-8D47-4E40-9FE9-83D53565AAD9}.Release|iPhoneSimulator.ActiveCfg = Release|Any CPU
		{C324AB43-8D47-4E40-9FE9-83D53565AAD9}.Release|iPhoneSimulator.Build.0 = Release|Any CPU
		{C324AB43-8D47-4E40-9FE9-83D53565AAD9}.Release|x64.ActiveCfg = Release|Any CPU
		{C324AB43-8D47-4E40-9FE9-83D53565AAD9}.Release|x64.Build.0 = Release|Any CPU
		{C324AB43-8D47-4E40-9FE9-83D53565AAD9}.Release|x86.ActiveCfg = Release|Any CPU
		{C324AB43-8D47-4E40-9FE9-83D53565AAD9}.Release|x86.Build.0 = Release|Any CPU
		{DA910456-4C86-4C3E-B3CB-489AFBB774F6}.Ad-Hoc|Any CPU.ActiveCfg = Release|Any CPU
		{DA910456-4C86-4C3E-B3CB-489AFBB774F6}.Ad-Hoc|Any CPU.Build.0 = Release|Any CPU
		{DA910456-4C86-4C3E-B3CB-489AFBB774F6}.Ad-Hoc|ARM.ActiveCfg = Release|Any CPU
		{DA910456-4C86-4C3E-B3CB-489AFBB774F6}.Ad-Hoc|iPhone.ActiveCfg = Release|Any CPU
		{DA910456-4C86-4C3E-B3CB-489AFBB774F6}.Ad-Hoc|iPhoneSimulator.ActiveCfg = Release|Any CPU
		{DA910456-4C86-4C3E-B3CB-489AFBB774F6}.Ad-Hoc|x64.ActiveCfg = Release|Any CPU
		{DA910456-4C86-4C3E-B3CB-489AFBB774F6}.Ad-Hoc|x86.ActiveCfg = Release|Any CPU
		{DA910456-4C86-4C3E-B3CB-489AFBB774F6}.AppStore|Any CPU.ActiveCfg = Release|Any CPU
		{DA910456-4C86-4C3E-B3CB-489AFBB774F6}.AppStore|Any CPU.Build.0 = Release|Any CPU
		{DA910456-4C86-4C3E-B3CB-489AFBB774F6}.AppStore|ARM.ActiveCfg = Release|Any CPU
		{DA910456-4C86-4C3E-B3CB-489AFBB774F6}.AppStore|iPhone.ActiveCfg = Release|Any CPU
		{DA910456-4C86-4C3E-B3CB-489AFBB774F6}.AppStore|iPhoneSimulator.ActiveCfg = Release|Any CPU
		{DA910456-4C86-4C3E-B3CB-489AFBB774F6}.AppStore|x64.ActiveCfg = Release|Any CPU
		{DA910456-4C86-4C3E-B3CB-489AFBB774F6}.AppStore|x86.ActiveCfg = Release|Any CPU
		{DA910456-4C86-4C3E-B3CB-489AFBB774F6}.Debug|Any CPU.ActiveCfg = Debug|Any CPU
		{DA910456-4C86-4C3E-B3CB-489AFBB774F6}.Debug|Any CPU.Build.0 = Debug|Any CPU
		{DA910456-4C86-4C3E-B3CB-489AFBB774F6}.Debug|ARM.ActiveCfg = Debug|Any CPU
		{DA910456-4C86-4C3E-B3CB-489AFBB774F6}.Debug|iPhone.ActiveCfg = Debug|Any CPU
		{DA910456-4C86-4C3E-B3CB-489AFBB774F6}.Debug|iPhoneSimulator.ActiveCfg = Debug|Any CPU
		{DA910456-4C86-4C3E-B3CB-489AFBB774F6}.Debug|x64.ActiveCfg = Debug|Any CPU
		{DA910456-4C86-4C3E-B3CB-489AFBB774F6}.Debug|x86.ActiveCfg = Debug|Any CPU
		{DA910456-4C86-4C3E-B3CB-489AFBB774F6}.Release|Any CPU.ActiveCfg = Release|Any CPU
		{DA910456-4C86-4C3E-B3CB-489AFBB774F6}.Release|Any CPU.Build.0 = Release|Any CPU
		{DA910456-4C86-4C3E-B3CB-489AFBB774F6}.Release|ARM.ActiveCfg = Release|Any CPU
		{DA910456-4C86-4C3E-B3CB-489AFBB774F6}.Release|iPhone.ActiveCfg = Release|Any CPU
		{DA910456-4C86-4C3E-B3CB-489AFBB774F6}.Release|iPhoneSimulator.ActiveCfg = Release|Any CPU
		{DA910456-4C86-4C3E-B3CB-489AFBB774F6}.Release|x64.ActiveCfg = Release|Any CPU
		{DA910456-4C86-4C3E-B3CB-489AFBB774F6}.Release|x86.ActiveCfg = Release|Any CPU
		{2F30D2A4-C994-4A0B-AB98-EDDF520A5F60}.Ad-Hoc|Any CPU.ActiveCfg = Release|Any CPU
		{2F30D2A4-C994-4A0B-AB98-EDDF520A5F60}.Ad-Hoc|Any CPU.Build.0 = Release|Any CPU
		{2F30D2A4-C994-4A0B-AB98-EDDF520A5F60}.Ad-Hoc|Any CPU.Deploy.0 = Release|Any CPU
		{2F30D2A4-C994-4A0B-AB98-EDDF520A5F60}.Ad-Hoc|ARM.ActiveCfg = Release|ARM
		{2F30D2A4-C994-4A0B-AB98-EDDF520A5F60}.Ad-Hoc|ARM.Build.0 = Release|ARM
		{2F30D2A4-C994-4A0B-AB98-EDDF520A5F60}.Ad-Hoc|ARM.Deploy.0 = Release|ARM
		{2F30D2A4-C994-4A0B-AB98-EDDF520A5F60}.Ad-Hoc|iPhone.ActiveCfg = Release|Any CPU
		{2F30D2A4-C994-4A0B-AB98-EDDF520A5F60}.Ad-Hoc|iPhone.Build.0 = Release|Any CPU
		{2F30D2A4-C994-4A0B-AB98-EDDF520A5F60}.Ad-Hoc|iPhone.Deploy.0 = Release|Any CPU
		{2F30D2A4-C994-4A0B-AB98-EDDF520A5F60}.Ad-Hoc|iPhoneSimulator.ActiveCfg = Release|Any CPU
		{2F30D2A4-C994-4A0B-AB98-EDDF520A5F60}.Ad-Hoc|iPhoneSimulator.Build.0 = Release|Any CPU
		{2F30D2A4-C994-4A0B-AB98-EDDF520A5F60}.Ad-Hoc|iPhoneSimulator.Deploy.0 = Release|Any CPU
		{2F30D2A4-C994-4A0B-AB98-EDDF520A5F60}.Ad-Hoc|x64.ActiveCfg = Release|Any CPU
		{2F30D2A4-C994-4A0B-AB98-EDDF520A5F60}.Ad-Hoc|x64.Build.0 = Release|Any CPU
		{2F30D2A4-C994-4A0B-AB98-EDDF520A5F60}.Ad-Hoc|x64.Deploy.0 = Release|Any CPU
		{2F30D2A4-C994-4A0B-AB98-EDDF520A5F60}.Ad-Hoc|x86.ActiveCfg = Release|x86
		{2F30D2A4-C994-4A0B-AB98-EDDF520A5F60}.Ad-Hoc|x86.Build.0 = Release|x86
		{2F30D2A4-C994-4A0B-AB98-EDDF520A5F60}.Ad-Hoc|x86.Deploy.0 = Release|x86
		{2F30D2A4-C994-4A0B-AB98-EDDF520A5F60}.AppStore|Any CPU.ActiveCfg = Release|Any CPU
		{2F30D2A4-C994-4A0B-AB98-EDDF520A5F60}.AppStore|Any CPU.Build.0 = Release|Any CPU
		{2F30D2A4-C994-4A0B-AB98-EDDF520A5F60}.AppStore|Any CPU.Deploy.0 = Release|Any CPU
		{2F30D2A4-C994-4A0B-AB98-EDDF520A5F60}.AppStore|ARM.ActiveCfg = Release|ARM
		{2F30D2A4-C994-4A0B-AB98-EDDF520A5F60}.AppStore|ARM.Build.0 = Release|ARM
		{2F30D2A4-C994-4A0B-AB98-EDDF520A5F60}.AppStore|ARM.Deploy.0 = Release|ARM
		{2F30D2A4-C994-4A0B-AB98-EDDF520A5F60}.AppStore|iPhone.ActiveCfg = Release|Any CPU
		{2F30D2A4-C994-4A0B-AB98-EDDF520A5F60}.AppStore|iPhone.Build.0 = Release|Any CPU
		{2F30D2A4-C994-4A0B-AB98-EDDF520A5F60}.AppStore|iPhone.Deploy.0 = Release|Any CPU
		{2F30D2A4-C994-4A0B-AB98-EDDF520A5F60}.AppStore|iPhoneSimulator.ActiveCfg = Release|Any CPU
		{2F30D2A4-C994-4A0B-AB98-EDDF520A5F60}.AppStore|iPhoneSimulator.Build.0 = Release|Any CPU
		{2F30D2A4-C994-4A0B-AB98-EDDF520A5F60}.AppStore|iPhoneSimulator.Deploy.0 = Release|Any CPU
		{2F30D2A4-C994-4A0B-AB98-EDDF520A5F60}.AppStore|x64.ActiveCfg = Release|Any CPU
		{2F30D2A4-C994-4A0B-AB98-EDDF520A5F60}.AppStore|x64.Build.0 = Release|Any CPU
		{2F30D2A4-C994-4A0B-AB98-EDDF520A5F60}.AppStore|x64.Deploy.0 = Release|Any CPU
		{2F30D2A4-C994-4A0B-AB98-EDDF520A5F60}.AppStore|x86.ActiveCfg = Release|x86
		{2F30D2A4-C994-4A0B-AB98-EDDF520A5F60}.AppStore|x86.Build.0 = Release|x86
		{2F30D2A4-C994-4A0B-AB98-EDDF520A5F60}.AppStore|x86.Deploy.0 = Release|x86
		{2F30D2A4-C994-4A0B-AB98-EDDF520A5F60}.Debug|Any CPU.ActiveCfg = Debug|Any CPU
		{2F30D2A4-C994-4A0B-AB98-EDDF520A5F60}.Debug|Any CPU.Build.0 = Debug|Any CPU
		{2F30D2A4-C994-4A0B-AB98-EDDF520A5F60}.Debug|Any CPU.Deploy.0 = Debug|Any CPU
		{2F30D2A4-C994-4A0B-AB98-EDDF520A5F60}.Debug|ARM.ActiveCfg = Debug|ARM
		{2F30D2A4-C994-4A0B-AB98-EDDF520A5F60}.Debug|ARM.Build.0 = Debug|ARM
		{2F30D2A4-C994-4A0B-AB98-EDDF520A5F60}.Debug|ARM.Deploy.0 = Debug|ARM
		{2F30D2A4-C994-4A0B-AB98-EDDF520A5F60}.Debug|iPhone.ActiveCfg = Debug|Any CPU
		{2F30D2A4-C994-4A0B-AB98-EDDF520A5F60}.Debug|iPhone.Build.0 = Debug|Any CPU
		{2F30D2A4-C994-4A0B-AB98-EDDF520A5F60}.Debug|iPhone.Deploy.0 = Debug|Any CPU
		{2F30D2A4-C994-4A0B-AB98-EDDF520A5F60}.Debug|iPhoneSimulator.ActiveCfg = Debug|Any CPU
		{2F30D2A4-C994-4A0B-AB98-EDDF520A5F60}.Debug|iPhoneSimulator.Build.0 = Debug|Any CPU
		{2F30D2A4-C994-4A0B-AB98-EDDF520A5F60}.Debug|iPhoneSimulator.Deploy.0 = Debug|Any CPU
		{2F30D2A4-C994-4A0B-AB98-EDDF520A5F60}.Debug|x64.ActiveCfg = Debug|Any CPU
		{2F30D2A4-C994-4A0B-AB98-EDDF520A5F60}.Debug|x64.Build.0 = Debug|Any CPU
		{2F30D2A4-C994-4A0B-AB98-EDDF520A5F60}.Debug|x64.Deploy.0 = Debug|Any CPU
		{2F30D2A4-C994-4A0B-AB98-EDDF520A5F60}.Debug|x86.ActiveCfg = Debug|x86
		{2F30D2A4-C994-4A0B-AB98-EDDF520A5F60}.Debug|x86.Build.0 = Debug|x86
		{2F30D2A4-C994-4A0B-AB98-EDDF520A5F60}.Debug|x86.Deploy.0 = Debug|x86
		{2F30D2A4-C994-4A0B-AB98-EDDF520A5F60}.Release|Any CPU.ActiveCfg = Release|Any CPU
		{2F30D2A4-C994-4A0B-AB98-EDDF520A5F60}.Release|Any CPU.Build.0 = Release|Any CPU
		{2F30D2A4-C994-4A0B-AB98-EDDF520A5F60}.Release|Any CPU.Deploy.0 = Release|Any CPU
		{2F30D2A4-C994-4A0B-AB98-EDDF520A5F60}.Release|ARM.ActiveCfg = Release|ARM
		{2F30D2A4-C994-4A0B-AB98-EDDF520A5F60}.Release|ARM.Build.0 = Release|ARM
		{2F30D2A4-C994-4A0B-AB98-EDDF520A5F60}.Release|ARM.Deploy.0 = Release|ARM
		{2F30D2A4-C994-4A0B-AB98-EDDF520A5F60}.Release|iPhone.ActiveCfg = Release|Any CPU
		{2F30D2A4-C994-4A0B-AB98-EDDF520A5F60}.Release|iPhone.Build.0 = Release|Any CPU
		{2F30D2A4-C994-4A0B-AB98-EDDF520A5F60}.Release|iPhone.Deploy.0 = Release|Any CPU
		{2F30D2A4-C994-4A0B-AB98-EDDF520A5F60}.Release|iPhoneSimulator.ActiveCfg = Release|Any CPU
		{2F30D2A4-C994-4A0B-AB98-EDDF520A5F60}.Release|iPhoneSimulator.Build.0 = Release|Any CPU
		{2F30D2A4-C994-4A0B-AB98-EDDF520A5F60}.Release|iPhoneSimulator.Deploy.0 = Release|Any CPU
		{2F30D2A4-C994-4A0B-AB98-EDDF520A5F60}.Release|x64.ActiveCfg = Release|Any CPU
		{2F30D2A4-C994-4A0B-AB98-EDDF520A5F60}.Release|x64.Build.0 = Release|Any CPU
		{2F30D2A4-C994-4A0B-AB98-EDDF520A5F60}.Release|x64.Deploy.0 = Release|Any CPU
		{2F30D2A4-C994-4A0B-AB98-EDDF520A5F60}.Release|x86.ActiveCfg = Release|x86
		{2F30D2A4-C994-4A0B-AB98-EDDF520A5F60}.Release|x86.Build.0 = Release|x86
		{2F30D2A4-C994-4A0B-AB98-EDDF520A5F60}.Release|x86.Deploy.0 = Release|x86
		{A37447D5-2D7D-4096-A297-20D6337FD54B}.Ad-Hoc|Any CPU.ActiveCfg = Release|Any CPU
		{A37447D5-2D7D-4096-A297-20D6337FD54B}.Ad-Hoc|Any CPU.Build.0 = Release|Any CPU
		{A37447D5-2D7D-4096-A297-20D6337FD54B}.Ad-Hoc|Any CPU.Deploy.0 = Release|Any CPU
		{A37447D5-2D7D-4096-A297-20D6337FD54B}.Ad-Hoc|ARM.ActiveCfg = Release|ARM
		{A37447D5-2D7D-4096-A297-20D6337FD54B}.Ad-Hoc|ARM.Build.0 = Release|ARM
		{A37447D5-2D7D-4096-A297-20D6337FD54B}.Ad-Hoc|ARM.Deploy.0 = Release|ARM
		{A37447D5-2D7D-4096-A297-20D6337FD54B}.Ad-Hoc|iPhone.ActiveCfg = Release|Any CPU
		{A37447D5-2D7D-4096-A297-20D6337FD54B}.Ad-Hoc|iPhone.Build.0 = Release|Any CPU
		{A37447D5-2D7D-4096-A297-20D6337FD54B}.Ad-Hoc|iPhone.Deploy.0 = Release|Any CPU
		{A37447D5-2D7D-4096-A297-20D6337FD54B}.Ad-Hoc|iPhoneSimulator.ActiveCfg = Release|Any CPU
		{A37447D5-2D7D-4096-A297-20D6337FD54B}.Ad-Hoc|iPhoneSimulator.Build.0 = Release|Any CPU
		{A37447D5-2D7D-4096-A297-20D6337FD54B}.Ad-Hoc|iPhoneSimulator.Deploy.0 = Release|Any CPU
		{A37447D5-2D7D-4096-A297-20D6337FD54B}.Ad-Hoc|x64.ActiveCfg = Release|x64
		{A37447D5-2D7D-4096-A297-20D6337FD54B}.Ad-Hoc|x64.Build.0 = Release|x64
		{A37447D5-2D7D-4096-A297-20D6337FD54B}.Ad-Hoc|x64.Deploy.0 = Release|x64
		{A37447D5-2D7D-4096-A297-20D6337FD54B}.Ad-Hoc|x86.ActiveCfg = Release|x86
		{A37447D5-2D7D-4096-A297-20D6337FD54B}.Ad-Hoc|x86.Build.0 = Release|x86
		{A37447D5-2D7D-4096-A297-20D6337FD54B}.Ad-Hoc|x86.Deploy.0 = Release|x86
		{A37447D5-2D7D-4096-A297-20D6337FD54B}.AppStore|Any CPU.ActiveCfg = Release|Any CPU
		{A37447D5-2D7D-4096-A297-20D6337FD54B}.AppStore|Any CPU.Build.0 = Release|Any CPU
		{A37447D5-2D7D-4096-A297-20D6337FD54B}.AppStore|Any CPU.Deploy.0 = Release|Any CPU
		{A37447D5-2D7D-4096-A297-20D6337FD54B}.AppStore|ARM.ActiveCfg = Release|ARM
		{A37447D5-2D7D-4096-A297-20D6337FD54B}.AppStore|ARM.Build.0 = Release|ARM
		{A37447D5-2D7D-4096-A297-20D6337FD54B}.AppStore|ARM.Deploy.0 = Release|ARM
		{A37447D5-2D7D-4096-A297-20D6337FD54B}.AppStore|iPhone.ActiveCfg = Release|Any CPU
		{A37447D5-2D7D-4096-A297-20D6337FD54B}.AppStore|iPhone.Build.0 = Release|Any CPU
		{A37447D5-2D7D-4096-A297-20D6337FD54B}.AppStore|iPhone.Deploy.0 = Release|Any CPU
		{A37447D5-2D7D-4096-A297-20D6337FD54B}.AppStore|iPhoneSimulator.ActiveCfg = Release|Any CPU
		{A37447D5-2D7D-4096-A297-20D6337FD54B}.AppStore|iPhoneSimulator.Build.0 = Release|Any CPU
		{A37447D5-2D7D-4096-A297-20D6337FD54B}.AppStore|iPhoneSimulator.Deploy.0 = Release|Any CPU
		{A37447D5-2D7D-4096-A297-20D6337FD54B}.AppStore|x64.ActiveCfg = Release|x64
		{A37447D5-2D7D-4096-A297-20D6337FD54B}.AppStore|x64.Build.0 = Release|x64
		{A37447D5-2D7D-4096-A297-20D6337FD54B}.AppStore|x64.Deploy.0 = Release|x64
		{A37447D5-2D7D-4096-A297-20D6337FD54B}.AppStore|x86.ActiveCfg = Release|x86
		{A37447D5-2D7D-4096-A297-20D6337FD54B}.AppStore|x86.Build.0 = Release|x86
		{A37447D5-2D7D-4096-A297-20D6337FD54B}.AppStore|x86.Deploy.0 = Release|x86
		{A37447D5-2D7D-4096-A297-20D6337FD54B}.Debug|Any CPU.ActiveCfg = Debug|Any CPU
		{A37447D5-2D7D-4096-A297-20D6337FD54B}.Debug|Any CPU.Build.0 = Debug|Any CPU
		{A37447D5-2D7D-4096-A297-20D6337FD54B}.Debug|Any CPU.Deploy.0 = Debug|Any CPU
		{A37447D5-2D7D-4096-A297-20D6337FD54B}.Debug|ARM.ActiveCfg = Debug|ARM
		{A37447D5-2D7D-4096-A297-20D6337FD54B}.Debug|ARM.Build.0 = Debug|ARM
		{A37447D5-2D7D-4096-A297-20D6337FD54B}.Debug|ARM.Deploy.0 = Debug|ARM
		{A37447D5-2D7D-4096-A297-20D6337FD54B}.Debug|iPhone.ActiveCfg = Debug|Any CPU
		{A37447D5-2D7D-4096-A297-20D6337FD54B}.Debug|iPhone.Build.0 = Debug|Any CPU
		{A37447D5-2D7D-4096-A297-20D6337FD54B}.Debug|iPhone.Deploy.0 = Debug|Any CPU
		{A37447D5-2D7D-4096-A297-20D6337FD54B}.Debug|iPhoneSimulator.ActiveCfg = Debug|Any CPU
		{A37447D5-2D7D-4096-A297-20D6337FD54B}.Debug|iPhoneSimulator.Build.0 = Debug|Any CPU
		{A37447D5-2D7D-4096-A297-20D6337FD54B}.Debug|iPhoneSimulator.Deploy.0 = Debug|Any CPU
		{A37447D5-2D7D-4096-A297-20D6337FD54B}.Debug|x64.ActiveCfg = Debug|x64
		{A37447D5-2D7D-4096-A297-20D6337FD54B}.Debug|x64.Build.0 = Debug|x64
		{A37447D5-2D7D-4096-A297-20D6337FD54B}.Debug|x64.Deploy.0 = Debug|x64
		{A37447D5-2D7D-4096-A297-20D6337FD54B}.Debug|x86.ActiveCfg = Debug|x86
		{A37447D5-2D7D-4096-A297-20D6337FD54B}.Debug|x86.Build.0 = Debug|x86
		{A37447D5-2D7D-4096-A297-20D6337FD54B}.Debug|x86.Deploy.0 = Debug|x86
		{A37447D5-2D7D-4096-A297-20D6337FD54B}.Release|Any CPU.ActiveCfg = Release|Any CPU
		{A37447D5-2D7D-4096-A297-20D6337FD54B}.Release|Any CPU.Build.0 = Release|Any CPU
		{A37447D5-2D7D-4096-A297-20D6337FD54B}.Release|Any CPU.Deploy.0 = Release|Any CPU
		{A37447D5-2D7D-4096-A297-20D6337FD54B}.Release|ARM.ActiveCfg = Release|ARM
		{A37447D5-2D7D-4096-A297-20D6337FD54B}.Release|ARM.Build.0 = Release|ARM
		{A37447D5-2D7D-4096-A297-20D6337FD54B}.Release|ARM.Deploy.0 = Release|ARM
		{A37447D5-2D7D-4096-A297-20D6337FD54B}.Release|iPhone.ActiveCfg = Release|Any CPU
		{A37447D5-2D7D-4096-A297-20D6337FD54B}.Release|iPhone.Build.0 = Release|Any CPU
		{A37447D5-2D7D-4096-A297-20D6337FD54B}.Release|iPhone.Deploy.0 = Release|Any CPU
		{A37447D5-2D7D-4096-A297-20D6337FD54B}.Release|iPhoneSimulator.ActiveCfg = Release|Any CPU
		{A37447D5-2D7D-4096-A297-20D6337FD54B}.Release|iPhoneSimulator.Build.0 = Release|Any CPU
		{A37447D5-2D7D-4096-A297-20D6337FD54B}.Release|iPhoneSimulator.Deploy.0 = Release|Any CPU
		{A37447D5-2D7D-4096-A297-20D6337FD54B}.Release|x64.ActiveCfg = Release|x64
		{A37447D5-2D7D-4096-A297-20D6337FD54B}.Release|x64.Build.0 = Release|x64
		{A37447D5-2D7D-4096-A297-20D6337FD54B}.Release|x64.Deploy.0 = Release|x64
		{A37447D5-2D7D-4096-A297-20D6337FD54B}.Release|x86.ActiveCfg = Release|x86
		{A37447D5-2D7D-4096-A297-20D6337FD54B}.Release|x86.Build.0 = Release|x86
		{A37447D5-2D7D-4096-A297-20D6337FD54B}.Release|x86.Deploy.0 = Release|x86
	EndGlobalSection
	GlobalSection(SolutionProperties) = preSolution
		HideSolutionNode = FALSE
	EndGlobalSection
EndGlobal
